// !$*UTF8*$!
{
	archiveVersion = 1;
	classes = {
	};
	objectVersion = 46;
	objects = {

/* Begin PBXBuildFile section */
		AC1C83FB1BD3A40E004537DC /* AppDelegate.swift in Sources */ = {isa = PBXBuildFile; fileRef = AC1C83FA1BD3A40E004537DC /* AppDelegate.swift */; };
		AC1C83FD1BD3A40E004537DC /* ViewController.swift in Sources */ = {isa = PBXBuildFile; fileRef = AC1C83FC1BD3A40E004537DC /* ViewController.swift */; };
		AC1C84001BD3A40E004537DC /* Main.storyboard in Resources */ = {isa = PBXBuildFile; fileRef = AC1C83FE1BD3A40E004537DC /* Main.storyboard */; };
		AC1C84021BD3A40E004537DC /* Assets.xcassets in Resources */ = {isa = PBXBuildFile; fileRef = AC1C84011BD3A40E004537DC /* Assets.xcassets */; };
		AC1C84051BD3A40E004537DC /* LaunchScreen.storyboard in Resources */ = {isa = PBXBuildFile; fileRef = AC1C84031BD3A40E004537DC /* LaunchScreen.storyboard */; };
		AC1C84101BD3A40E004537DC /* SwiftCollatzTests.swift in Sources */ = {isa = PBXBuildFile; fileRef = AC1C840F1BD3A40E004537DC /* SwiftCollatzTests.swift */; };
		AC1C841B1BD3A40E004537DC /* SwiftCollatzUITests.swift in Sources */ = {isa = PBXBuildFile; fileRef = AC1C841A1BD3A40E004537DC /* SwiftCollatzUITests.swift */; };
/* End PBXBuildFile section */

/* Begin PBXContainerItemProxy section */
		AC1C840C1BD3A40E004537DC /* PBXContainerItemProxy */ = {
			isa = PBXContainerItemProxy;
			containerPortal = AC1C83EF1BD3A40E004537DC /* Project object */;
			proxyType = 1;
			remoteGlobalIDString = AC1C83F61BD3A40E004537DC;
			remoteInfo = SwiftCollatz;
		};
		AC1C84171BD3A40E004537DC /* PBXContainerItemProxy */ = {
			isa = PBXContainerItemProxy;
			containerPortal = AC1C83EF1BD3A40E004537DC /* Project object */;
			proxyType = 1;
			remoteGlobalIDString = AC1C83F61BD3A40E004537DC;
			remoteInfo = SwiftCollatz;
		};
/* End PBXContainerItemProxy section */

/* Begin PBXFileReference section */
		AC1C83F71BD3A40E004537DC /* SwiftCollatz.app */ = {isa = PBXFileReference; explicitFileType = wrapper.application; includeInIndex = 0; path = SwiftCollatz.app; sourceTree = BUILT_PRODUCTS_DIR; };
		AC1C83FA1BD3A40E004537DC /* AppDelegate.swift */ = {isa = PBXFileReference; lastKnownFileType = sourcecode.swift; path = AppDelegate.swift; sourceTree = "<group>"; };
		AC1C83FC1BD3A40E004537DC /* ViewController.swift */ = {isa = PBXFileReference; lastKnownFileType = sourcecode.swift; path = ViewController.swift; sourceTree = "<group>"; };
		AC1C83FF1BD3A40E004537DC /* Base */ = {isa = PBXFileReference; lastKnownFileType = file.storyboard; name = Base; path = Base.lproj/Main.storyboard; sourceTree = "<group>"; };
		AC1C84011BD3A40E004537DC /* Assets.xcassets */ = {isa = PBXFileReference; lastKnownFileType = folder.assetcatalog; path = Assets.xcassets; sourceTree = "<group>"; };
		AC1C84041BD3A40E004537DC /* Base */ = {isa = PBXFileReference; lastKnownFileType = file.storyboard; name = Base; path = Base.lproj/LaunchScreen.storyboard; sourceTree = "<group>"; };
		AC1C84061BD3A40E004537DC /* Info.plist */ = {isa = PBXFileReference; lastKnownFileType = text.plist.xml; path = Info.plist; sourceTree = "<group>"; };
		AC1C840B1BD3A40E004537DC /* SwiftCollatzTests.xctest */ = {isa = PBXFileReference; explicitFileType = wrapper.cfbundle; includeInIndex = 0; path = SwiftCollatzTests.xctest; sourceTree = BUILT_PRODUCTS_DIR; };
		AC1C840F1BD3A40E004537DC /* SwiftCollatzTests.swift */ = {isa = PBXFileReference; lastKnownFileType = sourcecode.swift; path = SwiftCollatzTests.swift; sourceTree = "<group>"; };
		AC1C84111BD3A40E004537DC /* Info.plist */ = {isa = PBXFileReference; lastKnownFileType = text.plist.xml; path = Info.plist; sourceTree = "<group>"; };
		AC1C84161BD3A40E004537DC /* SwiftCollatzUITests.xctest */ = {isa = PBXFileReference; explicitFileType = wrapper.cfbundle; includeInIndex = 0; path = SwiftCollatzUITests.xctest; sourceTree = BUILT_PRODUCTS_DIR; };
		AC1C841A1BD3A40E004537DC /* SwiftCollatzUITests.swift */ = {isa = PBXFileReference; lastKnownFileType = sourcecode.swift; path = SwiftCollatzUITests.swift; sourceTree = "<group>"; };
		AC1C841C1BD3A40E004537DC /* Info.plist */ = {isa = PBXFileReference; lastKnownFileType = text.plist.xml; path = Info.plist; sourceTree = "<group>"; };
/* End PBXFileReference section */

/* Begin PBXFrameworksBuildPhase section */
		AC1C83F41BD3A40E004537DC /* Frameworks */ = {
			isa = PBXFrameworksBuildPhase;
			buildActionMask = 2147483647;
			files = (
			);
			runOnlyForDeploymentPostprocessing = 0;
		};
		AC1C84081BD3A40E004537DC /* Frameworks */ = {
			isa = PBXFrameworksBuildPhase;
			buildActionMask = 2147483647;
			files = (
			);
			runOnlyForDeploymentPostprocessing = 0;
		};
		AC1C84131BD3A40E004537DC /* Frameworks */ = {
			isa = PBXFrameworksBuildPhase;
			buildActionMask = 2147483647;
			files = (
			);
			runOnlyForDeploymentPostprocessing = 0;
		};
/* End PBXFrameworksBuildPhase section */

/* Begin PBXGroup section */
		AC1C83EE1BD3A40E004537DC = {
			isa = PBXGroup;
			children = (
				AC1C83F91BD3A40E004537DC /* SwiftCollatz */,
				AC1C840E1BD3A40E004537DC /* SwiftCollatzTests */,
				AC1C84191BD3A40E004537DC /* SwiftCollatzUITests */,
				AC1C83F81BD3A40E004537DC /* Products */,
			);
			sourceTree = "<group>";
		};
		AC1C83F81BD3A40E004537DC /* Products */ = {
			isa = PBXGroup;
			children = (
				AC1C83F71BD3A40E004537DC /* SwiftCollatz.app */,
				AC1C840B1BD3A40E004537DC /* SwiftCollatzTests.xctest */,
				AC1C84161BD3A40E004537DC /* SwiftCollatzUITests.xctest */,
			);
			name = Products;
			sourceTree = "<group>";
		};
		AC1C83F91BD3A40E004537DC /* SwiftCollatz */ = {
			isa = PBXGroup;
			children = (
				AC1C83FA1BD3A40E004537DC /* AppDelegate.swift */,
				AC1C83FC1BD3A40E004537DC /* ViewController.swift */,
				AC1C83FE1BD3A40E004537DC /* Main.storyboard */,
				AC1C84011BD3A40E004537DC /* Assets.xcassets */,
				AC1C84031BD3A40E004537DC /* LaunchScreen.storyboard */,
				AC1C84061BD3A40E004537DC /* Info.plist */,
			);
			path = SwiftCollatz;
			sourceTree = "<group>";
		};
		AC1C840E1BD3A40E004537DC /* SwiftCollatzTests */ = {
			isa = PBXGroup;
			children = (
				AC1C840F1BD3A40E004537DC /* SwiftCollatzTests.swift */,
				AC1C84111BD3A40E004537DC /* Info.plist */,
			);
			path = SwiftCollatzTests;
			sourceTree = "<group>";
		};
		AC1C84191BD3A40E004537DC /* SwiftCollatzUITests */ = {
			isa = PBXGroup;
			children = (
				AC1C841A1BD3A40E004537DC /* SwiftCollatzUITests.swift */,
				AC1C841C1BD3A40E004537DC /* Info.plist */,
			);
			path = SwiftCollatzUITests;
			sourceTree = "<group>";
		};
/* End PBXGroup section */

/* Begin PBXNativeTarget section */
		AC1C83F61BD3A40E004537DC /* SwiftCollatz */ = {
			isa = PBXNativeTarget;
			buildConfigurationList = AC1C841F1BD3A40E004537DC /* Build configuration list for PBXNativeTarget "SwiftCollatz" */;
			buildPhases = (
				AC1C83F31BD3A40E004537DC /* Sources */,
				AC1C83F41BD3A40E004537DC /* Frameworks */,
				AC1C83F51BD3A40E004537DC /* Resources */,
			);
			buildRules = (
			);
			dependencies = (
			);
			name = SwiftCollatz;
			productName = SwiftCollatz;
			productReference = AC1C83F71BD3A40E004537DC /* SwiftCollatz.app */;
			productType = "com.apple.product-type.application";
		};
		AC1C840A1BD3A40E004537DC /* SwiftCollatzTests */ = {
			isa = PBXNativeTarget;
			buildConfigurationList = AC1C84221BD3A40E004537DC /* Build configuration list for PBXNativeTarget "SwiftCollatzTests" */;
			buildPhases = (
				AC1C84071BD3A40E004537DC /* Sources */,
				AC1C84081BD3A40E004537DC /* Frameworks */,
				AC1C84091BD3A40E004537DC /* Resources */,
			);
			buildRules = (
			);
			dependencies = (
				AC1C840D1BD3A40E004537DC /* PBXTargetDependency */,
			);
			name = SwiftCollatzTests;
			productName = SwiftCollatzTests;
			productReference = AC1C840B1BD3A40E004537DC /* SwiftCollatzTests.xctest */;
			productType = "com.apple.product-type.bundle.unit-test";
		};
		AC1C84151BD3A40E004537DC /* SwiftCollatzUITests */ = {
			isa = PBXNativeTarget;
			buildConfigurationList = AC1C84251BD3A40E004537DC /* Build configuration list for PBXNativeTarget "SwiftCollatzUITests" */;
			buildPhases = (
				AC1C84121BD3A40E004537DC /* Sources */,
				AC1C84131BD3A40E004537DC /* Frameworks */,
				AC1C84141BD3A40E004537DC /* Resources */,
			);
			buildRules = (
			);
			dependencies = (
				AC1C84181BD3A40E004537DC /* PBXTargetDependency */,
			);
			name = SwiftCollatzUITests;
			productName = SwiftCollatzUITests;
			productReference = AC1C84161BD3A40E004537DC /* SwiftCollatzUITests.xctest */;
			productType = "com.apple.product-type.bundle.ui-testing";
		};
/* End PBXNativeTarget section */

/* Begin PBXProject section */
		AC1C83EF1BD3A40E004537DC /* Project object */ = {
			isa = PBXProject;
			attributes = {
				LastUpgradeCheck = 0700;
				ORGANIZATIONNAME = 178inaba;
				TargetAttributes = {
					AC1C83F61BD3A40E004537DC = {
						CreatedOnToolsVersion = 7.0.1;
					};
					AC1C840A1BD3A40E004537DC = {
						CreatedOnToolsVersion = 7.0.1;
						TestTargetID = AC1C83F61BD3A40E004537DC;
					};
					AC1C84151BD3A40E004537DC = {
						CreatedOnToolsVersion = 7.0.1;
						TestTargetID = AC1C83F61BD3A40E004537DC;
					};
				};
			};
			buildConfigurationList = AC1C83F21BD3A40E004537DC /* Build configuration list for PBXProject "SwiftCollatz" */;
			compatibilityVersion = "Xcode 3.2";
			developmentRegion = English;
			hasScannedForEncodings = 0;
			knownRegions = (
				en,
				Base,
			);
			mainGroup = AC1C83EE1BD3A40E004537DC;
			productRefGroup = AC1C83F81BD3A40E004537DC /* Products */;
			projectDirPath = "";
			projectRoot = "";
			targets = (
				AC1C83F61BD3A40E004537DC /* SwiftCollatz */,
				AC1C840A1BD3A40E004537DC /* SwiftCollatzTests */,
				AC1C84151BD3A40E004537DC /* SwiftCollatzUITests */,
			);
		};
/* End PBXProject section */

/* Begin PBXResourcesBuildPhase section */
		AC1C83F51BD3A40E004537DC /* Resources */ = {
			isa = PBXResourcesBuildPhase;
			buildActionMask = 2147483647;
			files = (
				AC1C84051BD3A40E004537DC /* LaunchScreen.storyboard in Resources */,
				AC1C84021BD3A40E004537DC /* Assets.xcassets in Resources */,
				AC1C84001BD3A40E004537DC /* Main.storyboard in Resources */,
			);
			runOnlyForDeploymentPostprocessing = 0;
		};
		AC1C84091BD3A40E004537DC /* Resources */ = {
			isa = PBXResourcesBuildPhase;
			buildActionMask = 2147483647;
			files = (
			);
			runOnlyForDeploymentPostprocessing = 0;
		};
		AC1C84141BD3A40E004537DC /* Resources */ = {
			isa = PBXResourcesBuildPhase;
			buildActionMask = 2147483647;
			files = (
			);
			runOnlyForDeploymentPostprocessing = 0;
		};
/* End PBXResourcesBuildPhase section */

/* Begin PBXSourcesBuildPhase section */
		AC1C83F31BD3A40E004537DC /* Sources */ = {
			isa = PBXSourcesBuildPhase;
			buildActionMask = 2147483647;
			files = (
				AC1C83FD1BD3A40E004537DC /* ViewController.swift in Sources */,
				AC1C83FB1BD3A40E004537DC /* AppDelegate.swift in Sources */,
			);
			runOnlyForDeploymentPostprocessing = 0;
		};
		AC1C84071BD3A40E004537DC /* Sources */ = {
			isa = PBXSourcesBuildPhase;
			buildActionMask = 2147483647;
			files = (
				AC1C84101BD3A40E004537DC /* SwiftCollatzTests.swift in Sources */,
			);
			runOnlyForDeploymentPostprocessing = 0;
		};
		AC1C84121BD3A40E004537DC /* Sources */ = {
			isa = PBXSourcesBuildPhase;
			buildActionMask = 2147483647;
			files = (
				AC1C841B1BD3A40E004537DC /* SwiftCollatzUITests.swift in Sources */,
			);
			runOnlyForDeploymentPostprocessing = 0;
		};
/* End PBXSourcesBuildPhase section */

/* Begin PBXTargetDependency section */
		AC1C840D1BD3A40E004537DC /* PBXTargetDependency */ = {
			isa = PBXTargetDependency;
			target = AC1C83F61BD3A40E004537DC /* SwiftCollatz */;
			targetProxy = AC1C840C1BD3A40E004537DC /* PBXContainerItemProxy */;
		};
		AC1C84181BD3A40E004537DC /* PBXTargetDependency */ = {
			isa = PBXTargetDependency;
			target = AC1C83F61BD3A40E004537DC /* SwiftCollatz */;
			targetProxy = AC1C84171BD3A40E004537DC /* PBXContainerItemProxy */;
		};
/* End PBXTargetDependency section */

/* Begin PBXVariantGroup section */
		AC1C83FE1BD3A40E004537DC /* Main.storyboard */ = {
			isa = PBXVariantGroup;
			children = (
				AC1C83FF1BD3A40E004537DC /* Base */,
			);
			name = Main.storyboard;
			sourceTree = "<group>";
		};
		AC1C84031BD3A40E004537DC /* LaunchScreen.storyboard */ = {
			isa = PBXVariantGroup;
			children = (
				AC1C84041BD3A40E004537DC /* Base */,
			);
			name = LaunchScreen.storyboard;
			sourceTree = "<group>";
		};
/* End PBXVariantGroup section */

/* Begin XCBuildConfiguration section */
		AC1C841D1BD3A40E004537DC /* Debug */ = {
			isa = XCBuildConfiguration;
			buildSettings = {
				ALWAYS_SEARCH_USER_PATHS = NO;
				CLANG_CXX_LANGUAGE_STANDARD = "gnu++0x";
				CLANG_CXX_LIBRARY = "libc++";
				CLANG_ENABLE_MODULES = YES;
				CLANG_ENABLE_OBJC_ARC = YES;
				CLANG_WARN_BOOL_CONVERSION = YES;
				CLANG_WARN_CONSTANT_CONVERSION = YES;
				CLANG_WARN_DIRECT_OBJC_ISA_USAGE = YES_ERROR;
				CLANG_WARN_EMPTY_BODY = YES;
				CLANG_WARN_ENUM_CONVERSION = YES;
				CLANG_WARN_INT_CONVERSION = YES;
				CLANG_WARN_OBJC_ROOT_CLASS = YES_ERROR;
				CLANG_WARN_UNREACHABLE_CODE = YES;
				CLANG_WARN__DUPLICATE_METHOD_MATCH = YES;
				"CODE_SIGN_IDENTITY[sdk=iphoneos*]" = "iPhone Developer";
				COPY_PHASE_STRIP = NO;
				DEBUG_INFORMATION_FORMAT = dwarf;
				ENABLE_STRICT_OBJC_MSGSEND = YES;
				ENABLE_TESTABILITY = YES;
				GCC_C_LANGUAGE_STANDARD = gnu99;
				GCC_DYNAMIC_NO_PIC = NO;
				GCC_NO_COMMON_BLOCKS = YES;
				GCC_OPTIMIZATION_LEVEL = 0;
				GCC_PREPROCESSOR_DEFINITIONS = (
					"DEBUG=1",
					"$(inherited)",
				);
				GCC_WARN_64_TO_32_BIT_CONVERSION = YES;
				GCC_WARN_ABOUT_RETURN_TYPE = YES_ERROR;
				GCC_WARN_UNDECLARED_SELECTOR = YES;
				GCC_WARN_UNINITIALIZED_AUTOS = YES_AGGRESSIVE;
				GCC_WARN_UNUSED_FUNCTION = YES;
				GCC_WARN_UNUSED_VARIABLE = YES;
				IPHONEOS_DEPLOYMENT_TARGET = 9.0;
				MTL_ENABLE_DEBUG_INFO = YES;
				ONLY_ACTIVE_ARCH = YES;
				SDKROOT = iphoneos;
				SWIFT_OPTIMIZATION_LEVEL = "-Onone";
				TARGETED_DEVICE_FAMILY = "1,2";
			};
			name = Debug;
		};
		AC1C841E1BD3A40E004537DC /* Release */ = {
			isa = XCBuildConfiguration;
			buildSettings = {
				ALWAYS_SEARCH_USER_PATHS = NO;
				CLANG_CXX_LANGUAGE_STANDARD = "gnu++0x";
				CLANG_CXX_LIBRARY = "libc++";
				CLANG_ENABLE_MODULES = YES;
				CLANG_ENABLE_OBJC_ARC = YES;
				CLANG_WARN_BOOL_CONVERSION = YES;
				CLANG_WARN_CONSTANT_CONVERSION = YES;
				CLANG_WARN_DIRECT_OBJC_ISA_USAGE = YES_ERROR;
				CLANG_WARN_EMPTY_BODY = YES;
				CLANG_WARN_ENUM_CONVERSION = YES;
				CLANG_WARN_INT_CONVERSION = YES;
				CLANG_WARN_OBJC_ROOT_CLASS = YES_ERROR;
				CLANG_WARN_UNREACHABLE_CODE = YES;
				CLANG_WARN__DUPLICATE_METHOD_MATCH = YES;
				"CODE_SIGN_IDENTITY[sdk=iphoneos*]" = "iPhone Developer";
				COPY_PHASE_STRIP = NO;
				DEBUG_INFORMATION_FORMAT = "dwarf-with-dsym";
				ENABLE_NS_ASSERTIONS = NO;
				ENABLE_STRICT_OBJC_MSGSEND = YES;
				GCC_C_LANGUAGE_STANDARD = gnu99;
				GCC_NO_COMMON_BLOCKS = YES;
				GCC_WARN_64_TO_32_BIT_CONVERSION = YES;
				GCC_WARN_ABOUT_RETURN_TYPE = YES_ERROR;
				GCC_WARN_UNDECLARED_SELECTOR = YES;
				GCC_WARN_UNINITIALIZED_AUTOS = YES_AGGRESSIVE;
				GCC_WARN_UNUSED_FUNCTION = YES;
				GCC_WARN_UNUSED_VARIABLE = YES;
				IPHONEOS_DEPLOYMENT_TARGET = 9.0;
				MTL_ENABLE_DEBUG_INFO = NO;
				SDKROOT = iphoneos;
				TARGETED_DEVICE_FAMILY = "1,2";
				VALIDATE_PRODUCT = YES;
			};
			name = Release;
		};
		AC1C84201BD3A40E004537DC /* Debug */ = {
			isa = XCBuildConfiguration;
			buildSettings = {
				ASSETCATALOG_COMPILER_APPICON_NAME = AppIcon;
				INFOPLIST_FILE = SwiftCollatz/Info.plist;
				LD_RUNPATH_SEARCH_PATHS = "$(inherited) @executable_path/Frameworks";
				PRODUCT_BUNDLE_IDENTIFIER = com.178inaba.SwiftCollatz;
				PRODUCT_NAME = "$(TARGET_NAME)";
			};
			name = Debug;
		};
		AC1C84211BD3A40E004537DC /* Release */ = {
			isa = XCBuildConfiguration;
			buildSettings = {
				ASSETCATALOG_COMPILER_APPICON_NAME = AppIcon;
				INFOPLIST_FILE = SwiftCollatz/Info.plist;
				LD_RUNPATH_SEARCH_PATHS = "$(inherited) @executable_path/Frameworks";
				PRODUCT_BUNDLE_IDENTIFIER = com.178inaba.SwiftCollatz;
				PRODUCT_NAME = "$(TARGET_NAME)";
			};
			name = Release;
		};
		AC1C84231BD3A40E004537DC /* Debug */ = {
			isa = XCBuildConfiguration;
			buildSettings = {
				BUNDLE_LOADER = "$(TEST_HOST)";
				INFOPLIST_FILE = SwiftCollatzTests/Info.plist;
				LD_RUNPATH_SEARCH_PATHS = "$(inherited) @executable_path/Frameworks @loader_path/Frameworks";
				PRODUCT_BUNDLE_IDENTIFIER = com.178inaba.SwiftCollatzTests;
				PRODUCT_NAME = "$(TARGET_NAME)";
				TEST_HOST = "$(BUILT_PRODUCTS_DIR)/SwiftCollatz.app/SwiftCollatz";
			};
			name = Debug;
		};
		AC1C84241BD3A40E004537DC /* Release */ = {
			isa = XCBuildConfiguration;
			buildSettings = {
				BUNDLE_LOADER = "$(TEST_HOST)";
				INFOPLIST_FILE = SwiftCollatzTests/Info.plist;
				LD_RUNPATH_SEARCH_PATHS = "$(inherited) @executable_path/Frameworks @loader_path/Frameworks";
				PRODUCT_BUNDLE_IDENTIFIER = com.178inaba.SwiftCollatzTests;
				PRODUCT_NAME = "$(TARGET_NAME)";
				TEST_HOST = "$(BUILT_PRODUCTS_DIR)/SwiftCollatz.app/SwiftCollatz";
			};
			name = Release;
		};
		AC1C84261BD3A40E004537DC /* Debug */ = {
			isa = XCBuildConfiguration;
			buildSettings = {
				INFOPLIST_FILE = SwiftCollatzUITests/Info.plist;
				LD_RUNPATH_SEARCH_PATHS = "$(inherited) @executable_path/Frameworks @loader_path/Frameworks";
				PRODUCT_BUNDLE_IDENTIFIER = com.178inaba.SwiftCollatzUITests;
				PRODUCT_NAME = "$(TARGET_NAME)";
				TEST_TARGET_NAME = SwiftCollatz;
				USES_XCTRUNNER = YES;
			};
			name = Debug;
		};
		AC1C84271BD3A40E004537DC /* Release */ = {
			isa = XCBuildConfiguration;
			buildSettings = {
				INFOPLIST_FILE = SwiftCollatzUITests/Info.plist;
				LD_RUNPATH_SEARCH_PATHS = "$(inherited) @executable_path/Frameworks @loader_path/Frameworks";
				PRODUCT_BUNDLE_IDENTIFIER = com.178inaba.SwiftCollatzUITests;
				PRODUCT_NAME = "$(TARGET_NAME)";
				TEST_TARGET_NAME = SwiftCollatz;
				USES_XCTRUNNER = YES;
			};
			name = Release;
		};
/* End XCBuildConfiguration section */

/* Begin XCConfigurationList section */
		AC1C83F21BD3A40E004537DC /* Build configuration list for PBXProject "SwiftCollatz" */ = {
			isa = XCConfigurationList;
			buildConfigurations = (
				AC1C841D1BD3A40E004537DC /* Debug */,
				AC1C841E1BD3A40E004537DC /* Release */,
			);
			defaultConfigurationIsVisible = 0;
			defaultConfigurationName = Release;
		};
		AC1C841F1BD3A40E004537DC /* Build configuration list for PBXNativeTarget "SwiftCollatz" */ = {
			isa = XCConfigurationList;
			buildConfigurations = (
				AC1C84201BD3A40E004537DC /* Debug */,
				AC1C84211BD3A40E004537DC /* Release */,
			);
			defaultConfigurationIsVisible = 0;
		};
		AC1C84221BD3A40E004537DC /* Build configuration list for PBXNativeTarget "SwiftCollatzTests" */ = {
			isa = XCConfigurationList;
			buildConfigurations = (
				AC1C84231BD3A40E004537DC /* Debug */,
				AC1C84241BD3A40E004537DC /* Release */,
			);
			defaultConfigurationIsVisible = 0;
		};
		AC1C84251BD3A40E004537DC /* Build configuration list for PBXNativeTarget "SwiftCollatzUITests" */ = {
			isa = XCConfigurationList;
			buildConfigurations = (
				AC1C84261BD3A40E004537DC /* Debug */,
				AC1C84271BD3A40E004537DC /* Release */,
			);
			defaultConfigurationIsVisible = 0;
		};
/* End XCConfigurationList section */
	};
	rootObject = AC1C83EF1BD3A40E004537DC /* Project object */;
}
